
Microsoft Visual Studio Solution File, Format Version 12.00
# Visual Studio 15
VisualStudioVersion = 15.0.27004.2008
MinimumVisualStudioVersion = 10.0.40219.1
Project("{FAE04EC0-301F-11D3-BF4B-00C04F79EFBC}") = "WlyFinalAuto", "WlyFinalAuto\WlyFinalAuto.csproj", "{4E2138C2-ECA9-410E-8FC8-11C75D191247}"
EndProject
Project("{2150E333-8FDC-42A3-9474-1A3956D46DE8}") = "Core", "Core", "{A37EEAFB-9430-42DC-A5DF-0420E7B576E3}"
EndProject
Project("{FAE04EC0-301F-11D3-BF4B-00C04F79EFBC}") = "WlyCore", "WlyFinalAuto\src\WlyCore\WlyCore.csproj", "{5FEB2F4A-1732-40C0-A505-7B1882B2F21C}"
EndProject
Global
	GlobalSection(SolutionConfigurationPlatforms) = preSolution
		Debug|Any CPU = Debug|Any CPU
		Release|Any CPU = Release|Any CPU
	EndGlobalSection
	GlobalSection(ProjectConfigurationPlatforms) = postSolution
		{4E2138C2-ECA9-410E-8FC8-11C75D191247}.Debug|Any CPU.ActiveCfg = Debug|Any CPU
		{4E2138C2-ECA9-410E-8FC8-11C75D191247}.Debug|Any CPU.Build.0 = Debug|Any CPU
		{4E2138C2-ECA9-410E-8FC8-11C75D191247}.Release|Any CPU.ActiveCfg = Release|Any CPU
		{4E2138C2-ECA9-410E-8FC8-11C75D191247}.Release|Any CPU.Build.0 = Release|Any CPU
		{5FEB2F4A-1732-40C0-A505-7B1882B2F21C}.Debug|Any CPU.ActiveCfg = Debug|Any CPU
		{5FEB2F4A-1732-40C0-A505-7B1882B2F21C}.Debug|Any CPU.Build.0 = Debug|Any CPU
		{5FEB2F4A-1732-40C0-A505-7B1882B2F21C}.Release|Any CPU.ActiveCfg = Release|Any CPU
		{5FEB2F4A-1732-40C0-A505-7B1882B2F21C}.Release|Any CPU.Build.0 = Release|Any CPU
	EndGlobalSection
	GlobalSection(SolutionProperties) = preSolution
		HideSolutionNode = FALSE
	EndGlobalSection
	GlobalSection(NestedProjects) = preSolution
		{5FEB2F4A-1732-40C0-A505-7B1882B2F21C} = {A37EEAFB-9430-42DC-A5DF-0420E7B576E3}
	EndGlobalSection
	GlobalSection(ExtensibilityGlobals) = postSolution
		SolutionGuid = {C6FC7FE9-8F71-407A-9BF1-E07DCC5A2C41}
	EndGlobalSection
EndGlobal
