
Microsoft Visual Studio Solution File, Format Version 12.00
# Visual Studio 15
VisualStudioVersion = 15.0.27004.2008
MinimumVisualStudioVersion = 10.0.40219.1
Project("{FAE04EC0-301F-11D3-BF4B-00C04F79EFBC}") = "WlyAutoUI", "..\project\WlyAutoUI\WlyAutoUI.csproj", "{F16334C1-C307-4EC9-A94C-9F2B625F7F4D}"
EndProject
Project("{FAE04EC0-301F-11D3-BF4B-00C04F79EFBC}") = "WxCommon", "..\..\Utility\project\WxCommon\WxCommon.csproj", "{D7C9A141-D56D-4219-9106-3C3EEFA8E478}"
EndProject
Project("{FAE04EC0-301F-11D3-BF4B-00C04F79EFBC}") = "WxFramework", "..\..\Utility\project\WxFramework\WxFramework.csproj", "{D3BB4E1B-397F-4D3F-998D-560C688618F7}"
EndProject
Project("{FAE04EC0-301F-11D3-BF4B-00C04F79EFBC}") = "WxUICommon", "..\..\Utility\project\WxUICommon\WxUICommon.csproj", "{6A50576C-E0D2-4E95-9133-5689310E4A89}"
EndProject
Project("{FAE04EC0-301F-11D3-BF4B-00C04F79EFBC}") = "WlyAutoBiz", "..\project\WlyAutoBiz\WlyAutoBiz.csproj", "{2DC913C3-4A8A-40AB-A661-D80C99C545F0}"
EndProject
Project("{FAE04EC0-301F-11D3-BF4B-00C04F79EFBC}") = "WxForDM", "..\..\Utility\project\WxForDM\WxForDM.csproj", "{FDE7D1F9-9D56-4C5F-B0EE-F263CE952752}"
EndProject
Project("{FAE04EC0-301F-11D3-BF4B-00C04F79EFBC}") = "WlySubAutoPlayer", "..\project\WlySubAutoPlayer\WlySubAutoPlayer.csproj", "{D11189F6-CD6B-4C09-8047-E46466FCE4A7}"
EndProject
Project("{FAE04EC0-301F-11D3-BF4B-00C04F79EFBC}") = "WlyTaskViewer", "..\project\WlyTaskViewer\WlyTaskViewer.csproj", "{54E4B20A-0FB2-432C-B02A-BC7B51E6F64B}"
EndProject
Project("{FAE04EC0-301F-11D3-BF4B-00C04F79EFBC}") = "WlyUIViewViewer", "..\project\WlyUIViewViewer\WlyUIViewViewer.csproj", "{8E84AC37-BC72-4471-9FE4-40F868DE3AE7}"
EndProject
Project("{FAE04EC0-301F-11D3-BF4B-00C04F79EFBC}") = "WlyAutoCTL", "..\project\WlyAutoCTL\WlyAutoCTL.csproj", "{C047669A-C119-43D0-A776-E1A0F514E655}"
EndProject
Project("{FAE04EC0-301F-11D3-BF4B-00C04F79EFBC}") = "WlyAutoAssist", "..\project\WlyAutoAssist\WlyAutoAssist.csproj", "{7D9535A1-7EB1-4B69-A345-025F9AFB5F7C}"
EndProject
Project("{2150E333-8FDC-42A3-9474-1A3956D46DE8}") = "Core", "Core", "{954A23F0-CD1E-4578-96F7-5F8904A005DE}"
EndProject
Project("{2150E333-8FDC-42A3-9474-1A3956D46DE8}") = "Framework", "Framework", "{CA6FE6A2-3079-470A-A7D1-E942CF74CC62}"
EndProject
Project("{2150E333-8FDC-42A3-9474-1A3956D46DE8}") = "Biz", "Biz", "{71E7130C-C6AE-45DC-84B9-26931AD36D85}"
EndProject
Project("{2150E333-8FDC-42A3-9474-1A3956D46DE8}") = "UI", "UI", "{4D073130-1C24-4964-B45C-AF43742EEBE7}"
EndProject
Project("{2150E333-8FDC-42A3-9474-1A3956D46DE8}") = "Access", "Access", "{4462D4F6-5B8E-4D31-B15C-446E4BEC8C01}"
EndProject
Project("{2150E333-8FDC-42A3-9474-1A3956D46DE8}") = "Persist", "Persist", "{ADB97C37-7F44-46EA-9683-A1C15A7868B0}"
EndProject
Project("{FAE04EC0-301F-11D3-BF4B-00C04F79EFBC}") = "Wly.Theme", "..\project\UI\Wly.Theme\Wly.Theme.csproj", "{7B8B46DF-96F7-4F89-81F2-61459B3EE017}"
EndProject
Project("{2150E333-8FDC-42A3-9474-1A3956D46DE8}") = "Main", "Main", "{81C691A5-A502-4BFF-80A5-58D89EBDF162}"
EndProject
Project("{FAE04EC0-301F-11D3-BF4B-00C04F79EFBC}") = "WlyAutoMain", "..\project\Main\WlyAutoMain\WlyAutoMain.csproj", "{9D87D31E-A7E2-44C3-9639-4369DC5AEAD2}"
EndProject
Global
	GlobalSection(SolutionConfigurationPlatforms) = preSolution
		Debug|Any CPU = Debug|Any CPU
		Release|Any CPU = Release|Any CPU
	EndGlobalSection
	GlobalSection(ProjectConfigurationPlatforms) = postSolution
		{F16334C1-C307-4EC9-A94C-9F2B625F7F4D}.Debug|Any CPU.ActiveCfg = Debug|Any CPU
		{F16334C1-C307-4EC9-A94C-9F2B625F7F4D}.Debug|Any CPU.Build.0 = Debug|Any CPU
		{F16334C1-C307-4EC9-A94C-9F2B625F7F4D}.Release|Any CPU.ActiveCfg = Release|Any CPU
		{F16334C1-C307-4EC9-A94C-9F2B625F7F4D}.Release|Any CPU.Build.0 = Release|Any CPU
		{D7C9A141-D56D-4219-9106-3C3EEFA8E478}.Debug|Any CPU.ActiveCfg = Debug|Any CPU
		{D7C9A141-D56D-4219-9106-3C3EEFA8E478}.Debug|Any CPU.Build.0 = Debug|Any CPU
		{D7C9A141-D56D-4219-9106-3C3EEFA8E478}.Release|Any CPU.ActiveCfg = Release|Any CPU
		{D7C9A141-D56D-4219-9106-3C3EEFA8E478}.Release|Any CPU.Build.0 = Release|Any CPU
		{D3BB4E1B-397F-4D3F-998D-560C688618F7}.Debug|Any CPU.ActiveCfg = Debug|Any CPU
		{D3BB4E1B-397F-4D3F-998D-560C688618F7}.Debug|Any CPU.Build.0 = Debug|Any CPU
		{D3BB4E1B-397F-4D3F-998D-560C688618F7}.Release|Any CPU.ActiveCfg = Release|Any CPU
		{D3BB4E1B-397F-4D3F-998D-560C688618F7}.Release|Any CPU.Build.0 = Release|Any CPU
		{6A50576C-E0D2-4E95-9133-5689310E4A89}.Debug|Any CPU.ActiveCfg = Debug|Any CPU
		{6A50576C-E0D2-4E95-9133-5689310E4A89}.Debug|Any CPU.Build.0 = Debug|Any CPU
		{6A50576C-E0D2-4E95-9133-5689310E4A89}.Release|Any CPU.ActiveCfg = Release|Any CPU
		{6A50576C-E0D2-4E95-9133-5689310E4A89}.Release|Any CPU.Build.0 = Release|Any CPU
		{2DC913C3-4A8A-40AB-A661-D80C99C545F0}.Debug|Any CPU.ActiveCfg = Debug|Any CPU
		{2DC913C3-4A8A-40AB-A661-D80C99C545F0}.Debug|Any CPU.Build.0 = Debug|Any CPU
		{2DC913C3-4A8A-40AB-A661-D80C99C545F0}.Release|Any CPU.ActiveCfg = Release|Any CPU
		{2DC913C3-4A8A-40AB-A661-D80C99C545F0}.Release|Any CPU.Build.0 = Release|Any CPU
		{FDE7D1F9-9D56-4C5F-B0EE-F263CE952752}.Debug|Any CPU.ActiveCfg = Debug|Any CPU
		{FDE7D1F9-9D56-4C5F-B0EE-F263CE952752}.Debug|Any CPU.Build.0 = Debug|Any CPU
		{FDE7D1F9-9D56-4C5F-B0EE-F263CE952752}.Release|Any CPU.ActiveCfg = Release|Any CPU
		{FDE7D1F9-9D56-4C5F-B0EE-F263CE952752}.Release|Any CPU.Build.0 = Release|Any CPU
		{D11189F6-CD6B-4C09-8047-E46466FCE4A7}.Debug|Any CPU.ActiveCfg = Debug|Any CPU
		{D11189F6-CD6B-4C09-8047-E46466FCE4A7}.Debug|Any CPU.Build.0 = Debug|Any CPU
		{D11189F6-CD6B-4C09-8047-E46466FCE4A7}.Release|Any CPU.ActiveCfg = Release|Any CPU
		{D11189F6-CD6B-4C09-8047-E46466FCE4A7}.Release|Any CPU.Build.0 = Release|Any CPU
		{54E4B20A-0FB2-432C-B02A-BC7B51E6F64B}.Debug|Any CPU.ActiveCfg = Debug|Any CPU
		{54E4B20A-0FB2-432C-B02A-BC7B51E6F64B}.Debug|Any CPU.Build.0 = Debug|Any CPU
		{54E4B20A-0FB2-432C-B02A-BC7B51E6F64B}.Release|Any CPU.ActiveCfg = Release|Any CPU
		{54E4B20A-0FB2-432C-B02A-BC7B51E6F64B}.Release|Any CPU.Build.0 = Release|Any CPU
		{8E84AC37-BC72-4471-9FE4-40F868DE3AE7}.Debug|Any CPU.ActiveCfg = Debug|Any CPU
		{8E84AC37-BC72-4471-9FE4-40F868DE3AE7}.Debug|Any CPU.Build.0 = Debug|Any CPU
		{8E84AC37-BC72-4471-9FE4-40F868DE3AE7}.Release|Any CPU.ActiveCfg = Release|Any CPU
		{8E84AC37-BC72-4471-9FE4-40F868DE3AE7}.Release|Any CPU.Build.0 = Release|Any CPU
		{C047669A-C119-43D0-A776-E1A0F514E655}.Debug|Any CPU.ActiveCfg = Debug|Any CPU
		{C047669A-C119-43D0-A776-E1A0F514E655}.Debug|Any CPU.Build.0 = Debug|Any CPU
		{C047669A-C119-43D0-A776-E1A0F514E655}.Release|Any CPU.ActiveCfg = Release|Any CPU
		{C047669A-C119-43D0-A776-E1A0F514E655}.Release|Any CPU.Build.0 = Release|Any CPU
		{7D9535A1-7EB1-4B69-A345-025F9AFB5F7C}.Debug|Any CPU.ActiveCfg = Debug|Any CPU
		{7D9535A1-7EB1-4B69-A345-025F9AFB5F7C}.Debug|Any CPU.Build.0 = Debug|Any CPU
		{7D9535A1-7EB1-4B69-A345-025F9AFB5F7C}.Release|Any CPU.ActiveCfg = Release|Any CPU
		{7D9535A1-7EB1-4B69-A345-025F9AFB5F7C}.Release|Any CPU.Build.0 = Release|Any CPU
		{7B8B46DF-96F7-4F89-81F2-61459B3EE017}.Debug|Any CPU.ActiveCfg = Debug|Any CPU
		{7B8B46DF-96F7-4F89-81F2-61459B3EE017}.Debug|Any CPU.Build.0 = Debug|Any CPU
		{7B8B46DF-96F7-4F89-81F2-61459B3EE017}.Release|Any CPU.ActiveCfg = Release|Any CPU
		{7B8B46DF-96F7-4F89-81F2-61459B3EE017}.Release|Any CPU.Build.0 = Release|Any CPU
		{9D87D31E-A7E2-44C3-9639-4369DC5AEAD2}.Debug|Any CPU.ActiveCfg = Debug|Any CPU
		{9D87D31E-A7E2-44C3-9639-4369DC5AEAD2}.Debug|Any CPU.Build.0 = Debug|Any CPU
		{9D87D31E-A7E2-44C3-9639-4369DC5AEAD2}.Release|Any CPU.ActiveCfg = Release|Any CPU
		{9D87D31E-A7E2-44C3-9639-4369DC5AEAD2}.Release|Any CPU.Build.0 = Release|Any CPU
	EndGlobalSection
	GlobalSection(SolutionProperties) = preSolution
		HideSolutionNode = FALSE
	EndGlobalSection
	GlobalSection(NestedProjects) = preSolution
		{D7C9A141-D56D-4219-9106-3C3EEFA8E478} = {CA6FE6A2-3079-470A-A7D1-E942CF74CC62}
		{D3BB4E1B-397F-4D3F-998D-560C688618F7} = {CA6FE6A2-3079-470A-A7D1-E942CF74CC62}
		{6A50576C-E0D2-4E95-9133-5689310E4A89} = {CA6FE6A2-3079-470A-A7D1-E942CF74CC62}
		{FDE7D1F9-9D56-4C5F-B0EE-F263CE952752} = {CA6FE6A2-3079-470A-A7D1-E942CF74CC62}
		{7B8B46DF-96F7-4F89-81F2-61459B3EE017} = {4D073130-1C24-4964-B45C-AF43742EEBE7}
		{9D87D31E-A7E2-44C3-9639-4369DC5AEAD2} = {81C691A5-A502-4BFF-80A5-58D89EBDF162}
	EndGlobalSection
	GlobalSection(ExtensibilityGlobals) = postSolution
		SolutionGuid = {17D66F95-35A0-47DF-AB2E-9E8AF2BA9028}
	EndGlobalSection
EndGlobal
